
Microsoft Visual Studio Solution File, Format Version 12.00
# Visual Studio Version 16
VisualStudioVersion = 16.0.29728.190
MinimumVisualStudioVersion = 10.0.40219.1
Project("{FAE04EC0-301F-11D3-BF4B-00C04F79EFBC}") = "quizApp", "quizApp.csproj", "{6299D24E-44CA-4CC5-9199-1A7FAAD2B329}"
EndProject
Global
	GlobalSection(SolutionConfigurationPlatforms) = preSolution
		Debug|Any CPU = Debug|Any CPU
		Release|Any CPU = Release|Any CPU
	EndGlobalSection
	GlobalSection(ProjectConfigurationPlatforms) = postSolution
		{6299D24E-44CA-4CC5-9199-1A7FAAD2B329}.Debug|Any CPU.ActiveCfg = Debug|Any CPU
		{6299D24E-44CA-4CC5-9199-1A7FAAD2B329}.Debug|Any CPU.Build.0 = Debug|Any CPU
		{6299D24E-44CA-4CC5-9199-1A7FAAD2B329}.Release|Any CPU.ActiveCfg = Release|Any CPU
		{6299D24E-44CA-4CC5-9199-1A7FAAD2B329}.Release|Any CPU.Build.0 = Release|Any CPU
	EndGlobalSection
	GlobalSection(SolutionProperties) = preSolution
		HideSolutionNode = FALSE
	EndGlobalSection
	GlobalSection(ExtensibilityGlobals) = postSolution
		SolutionGuid = {2D5D4C89-E996-410B-9F38-3C869C9C4175}
	EndGlobalSection
EndGlobal
